
Microsoft Visual Studio Solution File, Format Version 12.00
# Visual Studio Version 17
VisualStudioVersion = 17.3.32922.545
MinimumVisualStudioVersion = 10.0.40219.1
Project("{FAE04EC0-301F-11D3-BF4B-00C04F79EFBC}") = "Algo_Project", "Algo_Project.csproj", "{31484CE4-EBD2-4111-B005-E4CCDE0AA850}"
EndProject
Global
	GlobalSection(SolutionConfigurationPlatforms) = preSolution
		Debug|Any CPU = Debug|Any CPU
		Release|Any CPU = Release|Any CPU
	EndGlobalSection
	GlobalSection(ProjectConfigurationPlatforms) = postSolution
		{31484CE4-EBD2-4111-B005-E4CCDE0AA850}.Debug|Any CPU.ActiveCfg = Debug|Any CPU
		{31484CE4-EBD2-4111-B005-E4CCDE0AA850}.Debug|Any CPU.Build.0 = Debug|Any CPU
		{31484CE4-EBD2-4111-B005-E4CCDE0AA850}.Release|Any CPU.ActiveCfg = Release|Any CPU
		{31484CE4-EBD2-4111-B005-E4CCDE0AA850}.Release|Any CPU.Build.0 = Release|Any CPU
	EndGlobalSection
	GlobalSection(SolutionProperties) = preSolution
		HideSolutionNode = FALSE
	EndGlobalSection
	GlobalSection(ExtensibilityGlobals) = postSolution
		SolutionGuid = {1E73F1DD-0BB4-4672-BD62-351445645F39}
	EndGlobalSection
EndGlobal
